
Microsoft Visual Studio Solution File, Format Version 12.00
# Visual Studio Version 17
VisualStudioVersion = 17.11.35303.130
MinimumVisualStudioVersion = 10.0.40219.1
Project("{2150E333-8FDC-42A3-9474-1A3956D46DE8}") = "Task0", "Task0", "{F79D52E0-F5EA-4D68-BB77-178E9DB66A63}"
EndProject
Project("{9A19103F-16F7-4668-BE54-9A1E7A4F7556}") = "Tyuiu.GolubevDS.Sprint5.Task0.V19", "Tyuiu.GolubevDS.Sprint5.Task0.V19\Tyuiu.GolubevDS.Sprint5.Task0.V19.csproj", "{774A6BB0-8E5E-41CC-BCB8-171C1A9FF706}"
EndProject
Project("{9A19103F-16F7-4668-BE54-9A1E7A4F7556}") = "Tyuiu.GolubevDS.Sprint5.Task0.V19.Test", "Tyuiu.GolubevDS.Sprint5.Task0.V19.Test\Tyuiu.GolubevDS.Sprint5.Task0.V19.Test.csproj", "{85ACB47B-8B24-41CF-A981-8A88BBAB5762}"
EndProject
Project("{9A19103F-16F7-4668-BE54-9A1E7A4F7556}") = "Tyuiu.GolubevDS.Sprint5.Task0.V19.Lib", "Tyuiu.GolubevDS.Sprint5.Task0.V19.Lib\Tyuiu.GolubevDS.Sprint5.Task0.V19.Lib.csproj", "{7439735B-E545-471A-B3E5-EEBF485A0C8B}"
EndProject
Project("{2150E333-8FDC-42A3-9474-1A3956D46DE8}") = "Task1", "Task1", "{250BF23E-F5A1-4F62-BA07-0F522D666761}"
EndProject
Project("{9A19103F-16F7-4668-BE54-9A1E7A4F7556}") = "Tyuiu.GolubevDS.Sprint5.Task1.V24", "Tyuiu.GolubevDS.Sprint5.Task1.V24\Tyuiu.GolubevDS.Sprint5.Task1.V24.csproj", "{6DA987F3-5289-4CC6-A748-38DFE58B69D4}"
EndProject
Project("{9A19103F-16F7-4668-BE54-9A1E7A4F7556}") = "Tyuiu.GolubevDS.Sprint5.Task1.V24.Test", "Tyuiu.GolubevDS.Sprint5.Task1.V24.Test\Tyuiu.GolubevDS.Sprint5.Task1.V24.Test.csproj", "{DB8DD4C1-2157-4926-BCEC-979897AC97BF}"
EndProject
Project("{9A19103F-16F7-4668-BE54-9A1E7A4F7556}") = "Tyuiu.GolubevDS.Sprint5.Task1.V24.Lib", "Tyuiu.GolubevDS.Sprint5.Task1.V24.Lib\Tyuiu.GolubevDS.Sprint5.Task1.V24.Lib.csproj", "{405867BD-1032-473D-8D61-BE2CC2928988}"
EndProject
Project("{2150E333-8FDC-42A3-9474-1A3956D46DE8}") = "Task2", "Task2", "{E936D320-7712-4BB4-8D14-F0880744D2A9}"
EndProject
Project("{9A19103F-16F7-4668-BE54-9A1E7A4F7556}") = "Tyuiu.GolubevDS.Sprint5.Task2.V10", "Tyuiu.GolubevDS.Sprint5.Task2.V10\Tyuiu.GolubevDS.Sprint5.Task2.V10.csproj", "{F067CAD2-9892-4BA7-806B-4496F952F912}"
EndProject
Project("{9A19103F-16F7-4668-BE54-9A1E7A4F7556}") = "Tyuiu.GolubevDS.Sprint5.Task2.V10.Test", "Tyuiu.GolubevDS.Sprint5.Task2.V10.Test\Tyuiu.GolubevDS.Sprint5.Task2.V10.Test.csproj", "{D01DDC70-50F2-4285-8F34-000BCC4B9396}"
EndProject
Project("{9A19103F-16F7-4668-BE54-9A1E7A4F7556}") = "Tyuiu.GolubevDS.Sprint5.Task2.V10.Lib", "Tyuiu.GolubevDS.Sprint5.Task2.V10.Lib\Tyuiu.GolubevDS.Sprint5.Task2.V10.Lib.csproj", "{A8231BEC-CABC-4DBC-8577-9231F73D7543}"
EndProject
Project("{2150E333-8FDC-42A3-9474-1A3956D46DE8}") = "Task3", "Task3", "{F7E426AE-ACC7-4979-9A6C-419A6093BD49}"
EndProject
Project("{9A19103F-16F7-4668-BE54-9A1E7A4F7556}") = "Tyuiu.GolubevDS.Sprint5.Task3.V7", "Tyuiu.GolubevDS.Sprint5.Task3.V7\Tyuiu.GolubevDS.Sprint5.Task3.V7.csproj", "{997738B1-85B1-471F-9079-C154AACC1545}"
EndProject
Project("{9A19103F-16F7-4668-BE54-9A1E7A4F7556}") = "Tyuiu.GolubevDS.Sprint5.Task3.V7.Test", "Tyuiu.GolubevDS.Sprint5.Task3.V7.Test\Tyuiu.GolubevDS.Sprint5.Task3.V7.Test.csproj", "{73F03832-CB11-4F7C-9128-426B2EE8123E}"
EndProject
Project("{9A19103F-16F7-4668-BE54-9A1E7A4F7556}") = "Tyuiu.GolubevDS.Sprint5.Task3.V7.Lib", "Tyuiu.GolubevDS.Sprint5.Task3.V7.Lib\Tyuiu.GolubevDS.Sprint5.Task3.V7.Lib.csproj", "{200D2932-1DA8-4853-A6B6-86BC1AD7EB08}"
EndProject
Project("{2150E333-8FDC-42A3-9474-1A3956D46DE8}") = "Task4", "Task4", "{A8A67404-1244-403A-B8BB-105649E37F3B}"
EndProject
Project("{9A19103F-16F7-4668-BE54-9A1E7A4F7556}") = "Tyuiu.GolubevDS.Sprint5.Task4.V5", "Tyuiu.GolubevDS.Sprint5.Task4.V5\Tyuiu.GolubevDS.Sprint5.Task4.V5.csproj", "{23D68829-6D20-4C31-AE5C-E0CFCDB2F677}"
EndProject
Project("{9A19103F-16F7-4668-BE54-9A1E7A4F7556}") = "Tyuiu.GolubevDS.Sprint5.Task4.V5.Test", "Tyuiu.GolubevDS.Sprint5.Task4.V5.Test\Tyuiu.GolubevDS.Sprint5.Task4.V5.Test.csproj", "{DBF1569F-1517-4A7E-8E79-DF68868D2C0A}"
EndProject
Project("{9A19103F-16F7-4668-BE54-9A1E7A4F7556}") = "Tyuiu.GolubevDS.Sprint5.Task4.V5.Lib", "Tyuiu.GolubevDS.Sprint5.Task4.V5.Lib\Tyuiu.GolubevDS.Sprint5.Task4.V5.Lib.csproj", "{0B4C9C90-75B3-445F-8E0D-DDEA6063A36B}"
EndProject
Project("{2150E333-8FDC-42A3-9474-1A3956D46DE8}") = "Task5", "Task5", "{6BDF1EFA-3A90-4F22-9496-BE067D3D2777}"
EndProject
Project("{FAE04EC0-301F-11D3-BF4B-00C04F79EFBC}") = "Tyuiu.GolubevDS.Sprint5.Task5.V17", "Tyuiu.GolubevDS.Sprint5.Task5.V17\Tyuiu.GolubevDS.Sprint5.Task5.V17.csproj", "{24C8995E-B893-4C72-B5F8-5DE84B3197F5}"
EndProject
Project("{FAE04EC0-301F-11D3-BF4B-00C04F79EFBC}") = "Tyuiu.GolubevDS.Sprint5.Task5.V17.Test", "Tyuiu.GolubevDS.Sprint5.Task5.V17.Test\Tyuiu.GolubevDS.Sprint5.Task5.V17.Test.csproj", "{1952CE5B-065A-4477-8FBA-BA3CE4C916F5}"
EndProject
Project("{FAE04EC0-301F-11D3-BF4B-00C04F79EFBC}") = "Tyuiu.GolubevDS.Sprint5.Task5.V17.Lib", "Tyuiu.GolubevDS.Sprint5.Task5.V17.Lib\Tyuiu.GolubevDS.Sprint5.Task5.V17.Lib.csproj", "{5549EE50-22C6-40C9-AA5F-C5B9BCA4509D}"
EndProject
Project("{2150E333-8FDC-42A3-9474-1A3956D46DE8}") = "Task6", "Task6", "{7EBCD414-8F44-4E6E-9BE9-03058A488647}"
EndProject
Project("{FAE04EC0-301F-11D3-BF4B-00C04F79EFBC}") = "Tyuiu.GolubevDS.Sprint5.Task6.V25", "Tyuiu.GolubevDS.Sprint5.Task6.V25\Tyuiu.GolubevDS.Sprint5.Task6.V25.csproj", "{3654C27A-16EB-42F8-9A69-9FC8A3574DF3}"
EndProject
Project("{FAE04EC0-301F-11D3-BF4B-00C04F79EFBC}") = "Tyuiu.GolubevDS.Sprint5.Task6.V25.Test", "Tyuiu.GolubevDS.Sprint5.Task6.V25.Test\Tyuiu.GolubevDS.Sprint5.Task6.V25.Test.csproj", "{69BE5AA5-8584-4622-8011-AF7DFF0299AC}"
EndProject
Project("{FAE04EC0-301F-11D3-BF4B-00C04F79EFBC}") = "Tyuiu.GolubevDS.Sprint5.Task6.V25.Lib", "Tyuiu.GolubevDS.Sprint5.Task6.V25.Lib\Tyuiu.GolubevDS.Sprint5.Task6.V25.Lib.csproj", "{0207D662-045B-4D38-9883-30F37067017E}"
EndProject
Project("{2150E333-8FDC-42A3-9474-1A3956D46DE8}") = "Task7", "Task7", "{0B47E9CB-3A52-41D4-935B-562D716A74CA}"
EndProject
Project("{FAE04EC0-301F-11D3-BF4B-00C04F79EFBC}") = "Tyuiu.GolubevDS.Sprint5.Task7.V18", "Tyuiu.GolubevDS.Sprint5.Task7.V18\Tyuiu.GolubevDS.Sprint5.Task7.V18.csproj", "{087B9D31-51D3-4123-9A58-7F3294EC6898}"
EndProject
Project("{FAE04EC0-301F-11D3-BF4B-00C04F79EFBC}") = "Tyuiu.GolubevDS.Sprint5.Task7.V18.Test", "Tyuiu.GolubevDS.Sprint5.Task7.V18.Test\Tyuiu.GolubevDS.Sprint5.Task7.V18.Test.csproj", "{3141B060-C906-4509-B68B-021AD391B666}"
EndProject
Project("{FAE04EC0-301F-11D3-BF4B-00C04F79EFBC}") = "Tyuiu.GolubevDS.Sprint5.Task7.V18.Lib", "Tyuiu.GolubevDS.Sprint5.Task7.V18.Lib\Tyuiu.GolubevDS.Sprint5.Task7.V18.Lib.csproj", "{73BB4A96-43BE-4CBD-8B24-4DFD47A1AC4D}"
EndProject
Global
	GlobalSection(SolutionConfigurationPlatforms) = preSolution
		Debug|Any CPU = Debug|Any CPU
		Release|Any CPU = Release|Any CPU
	EndGlobalSection
	GlobalSection(ProjectConfigurationPlatforms) = postSolution
		{774A6BB0-8E5E-41CC-BCB8-171C1A9FF706}.Debug|Any CPU.ActiveCfg = Debug|Any CPU
		{774A6BB0-8E5E-41CC-BCB8-171C1A9FF706}.Debug|Any CPU.Build.0 = Debug|Any CPU
		{774A6BB0-8E5E-41CC-BCB8-171C1A9FF706}.Release|Any CPU.ActiveCfg = Release|Any CPU
		{774A6BB0-8E5E-41CC-BCB8-171C1A9FF706}.Release|Any CPU.Build.0 = Release|Any CPU
		{85ACB47B-8B24-41CF-A981-8A88BBAB5762}.Debug|Any CPU.ActiveCfg = Debug|Any CPU
		{85ACB47B-8B24-41CF-A981-8A88BBAB5762}.Debug|Any CPU.Build.0 = Debug|Any CPU
		{85ACB47B-8B24-41CF-A981-8A88BBAB5762}.Release|Any CPU.ActiveCfg = Release|Any CPU
		{85ACB47B-8B24-41CF-A981-8A88BBAB5762}.Release|Any CPU.Build.0 = Release|Any CPU
		{7439735B-E545-471A-B3E5-EEBF485A0C8B}.Debug|Any CPU.ActiveCfg = Debug|Any CPU
		{7439735B-E545-471A-B3E5-EEBF485A0C8B}.Debug|Any CPU.Build.0 = Debug|Any CPU
		{7439735B-E545-471A-B3E5-EEBF485A0C8B}.Release|Any CPU.ActiveCfg = Release|Any CPU
		{7439735B-E545-471A-B3E5-EEBF485A0C8B}.Release|Any CPU.Build.0 = Release|Any CPU
		{6DA987F3-5289-4CC6-A748-38DFE58B69D4}.Debug|Any CPU.ActiveCfg = Debug|Any CPU
		{6DA987F3-5289-4CC6-A748-38DFE58B69D4}.Debug|Any CPU.Build.0 = Debug|Any CPU
		{6DA987F3-5289-4CC6-A748-38DFE58B69D4}.Release|Any CPU.ActiveCfg = Release|Any CPU
		{6DA987F3-5289-4CC6-A748-38DFE58B69D4}.Release|Any CPU.Build.0 = Release|Any CPU
		{DB8DD4C1-2157-4926-BCEC-979897AC97BF}.Debug|Any CPU.ActiveCfg = Debug|Any CPU
		{DB8DD4C1-2157-4926-BCEC-979897AC97BF}.Debug|Any CPU.Build.0 = Debug|Any CPU
		{DB8DD4C1-2157-4926-BCEC-979897AC97BF}.Release|Any CPU.ActiveCfg = Release|Any CPU
		{DB8DD4C1-2157-4926-BCEC-979897AC97BF}.Release|Any CPU.Build.0 = Release|Any CPU
		{405867BD-1032-473D-8D61-BE2CC2928988}.Debug|Any CPU.ActiveCfg = Debug|Any CPU
		{405867BD-1032-473D-8D61-BE2CC2928988}.Debug|Any CPU.Build.0 = Debug|Any CPU
		{405867BD-1032-473D-8D61-BE2CC2928988}.Release|Any CPU.ActiveCfg = Release|Any CPU
		{405867BD-1032-473D-8D61-BE2CC2928988}.Release|Any CPU.Build.0 = Release|Any CPU
		{F067CAD2-9892-4BA7-806B-4496F952F912}.Debug|Any CPU.ActiveCfg = Debug|Any CPU
		{F067CAD2-9892-4BA7-806B-4496F952F912}.Debug|Any CPU.Build.0 = Debug|Any CPU
		{F067CAD2-9892-4BA7-806B-4496F952F912}.Release|Any CPU.ActiveCfg = Release|Any CPU
		{F067CAD2-9892-4BA7-806B-4496F952F912}.Release|Any CPU.Build.0 = Release|Any CPU
		{D01DDC70-50F2-4285-8F34-000BCC4B9396}.Debug|Any CPU.ActiveCfg = Debug|Any CPU
		{D01DDC70-50F2-4285-8F34-000BCC4B9396}.Debug|Any CPU.Build.0 = Debug|Any CPU
		{D01DDC70-50F2-4285-8F34-000BCC4B9396}.Release|Any CPU.ActiveCfg = Release|Any CPU
		{D01DDC70-50F2-4285-8F34-000BCC4B9396}.Release|Any CPU.Build.0 = Release|Any CPU
		{A8231BEC-CABC-4DBC-8577-9231F73D7543}.Debug|Any CPU.ActiveCfg = Debug|Any CPU
		{A8231BEC-CABC-4DBC-8577-9231F73D7543}.Debug|Any CPU.Build.0 = Debug|Any CPU
		{A8231BEC-CABC-4DBC-8577-9231F73D7543}.Release|Any CPU.ActiveCfg = Release|Any CPU
		{A8231BEC-CABC-4DBC-8577-9231F73D7543}.Release|Any CPU.Build.0 = Release|Any CPU
		{997738B1-85B1-471F-9079-C154AACC1545}.Debug|Any CPU.ActiveCfg = Debug|Any CPU
		{997738B1-85B1-471F-9079-C154AACC1545}.Debug|Any CPU.Build.0 = Debug|Any CPU
		{997738B1-85B1-471F-9079-C154AACC1545}.Release|Any CPU.ActiveCfg = Release|Any CPU
		{997738B1-85B1-471F-9079-C154AACC1545}.Release|Any CPU.Build.0 = Release|Any CPU
		{73F03832-CB11-4F7C-9128-426B2EE8123E}.Debug|Any CPU.ActiveCfg = Debug|Any CPU
		{73F03832-CB11-4F7C-9128-426B2EE8123E}.Debug|Any CPU.Build.0 = Debug|Any CPU
		{73F03832-CB11-4F7C-9128-426B2EE8123E}.Release|Any CPU.ActiveCfg = Release|Any CPU
		{73F03832-CB11-4F7C-9128-426B2EE8123E}.Release|Any CPU.Build.0 = Release|Any CPU
		{200D2932-1DA8-4853-A6B6-86BC1AD7EB08}.Debug|Any CPU.ActiveCfg = Debug|Any CPU
		{200D2932-1DA8-4853-A6B6-86BC1AD7EB08}.Debug|Any CPU.Build.0 = Debug|Any CPU
		{200D2932-1DA8-4853-A6B6-86BC1AD7EB08}.Release|Any CPU.ActiveCfg = Release|Any CPU
		{200D2932-1DA8-4853-A6B6-86BC1AD7EB08}.Release|Any CPU.Build.0 = Release|Any CPU
		{23D68829-6D20-4C31-AE5C-E0CFCDB2F677}.Debug|Any CPU.ActiveCfg = Debug|Any CPU
		{23D68829-6D20-4C31-AE5C-E0CFCDB2F677}.Debug|Any CPU.Build.0 = Debug|Any CPU
		{23D68829-6D20-4C31-AE5C-E0CFCDB2F677}.Release|Any CPU.ActiveCfg = Release|Any CPU
		{23D68829-6D20-4C31-AE5C-E0CFCDB2F677}.Release|Any CPU.Build.0 = Release|Any CPU
		{DBF1569F-1517-4A7E-8E79-DF68868D2C0A}.Debug|Any CPU.ActiveCfg = Debug|Any CPU
		{DBF1569F-1517-4A7E-8E79-DF68868D2C0A}.Debug|Any CPU.Build.0 = Debug|Any CPU
		{DBF1569F-1517-4A7E-8E79-DF68868D2C0A}.Release|Any CPU.ActiveCfg = Release|Any CPU
		{DBF1569F-1517-4A7E-8E79-DF68868D2C0A}.Release|Any CPU.Build.0 = Release|Any CPU
		{0B4C9C90-75B3-445F-8E0D-DDEA6063A36B}.Debug|Any CPU.ActiveCfg = Debug|Any CPU
		{0B4C9C90-75B3-445F-8E0D-DDEA6063A36B}.Debug|Any CPU.Build.0 = Debug|Any CPU
		{0B4C9C90-75B3-445F-8E0D-DDEA6063A36B}.Release|Any CPU.ActiveCfg = Release|Any CPU
		{0B4C9C90-75B3-445F-8E0D-DDEA6063A36B}.Release|Any CPU.Build.0 = Release|Any CPU
		{24C8995E-B893-4C72-B5F8-5DE84B3197F5}.Debug|Any CPU.ActiveCfg = Debug|Any CPU
		{24C8995E-B893-4C72-B5F8-5DE84B3197F5}.Debug|Any CPU.Build.0 = Debug|Any CPU
		{24C8995E-B893-4C72-B5F8-5DE84B3197F5}.Release|Any CPU.ActiveCfg = Release|Any CPU
		{24C8995E-B893-4C72-B5F8-5DE84B3197F5}.Release|Any CPU.Build.0 = Release|Any CPU
		{1952CE5B-065A-4477-8FBA-BA3CE4C916F5}.Debug|Any CPU.ActiveCfg = Debug|Any CPU
		{1952CE5B-065A-4477-8FBA-BA3CE4C916F5}.Debug|Any CPU.Build.0 = Debug|Any CPU
		{1952CE5B-065A-4477-8FBA-BA3CE4C916F5}.Release|Any CPU.ActiveCfg = Release|Any CPU
		{1952CE5B-065A-4477-8FBA-BA3CE4C916F5}.Release|Any CPU.Build.0 = Release|Any CPU
		{5549EE50-22C6-40C9-AA5F-C5B9BCA4509D}.Debug|Any CPU.ActiveCfg = Debug|Any CPU
		{5549EE50-22C6-40C9-AA5F-C5B9BCA4509D}.Debug|Any CPU.Build.0 = Debug|Any CPU
		{5549EE50-22C6-40C9-AA5F-C5B9BCA4509D}.Release|Any CPU.ActiveCfg = Release|Any CPU
		{5549EE50-22C6-40C9-AA5F-C5B9BCA4509D}.Release|Any CPU.Build.0 = Release|Any CPU
		{3654C27A-16EB-42F8-9A69-9FC8A3574DF3}.Debug|Any CPU.ActiveCfg = Debug|Any CPU
		{3654C27A-16EB-42F8-9A69-9FC8A3574DF3}.Debug|Any CPU.Build.0 = Debug|Any CPU
		{3654C27A-16EB-42F8-9A69-9FC8A3574DF3}.Release|Any CPU.ActiveCfg = Release|Any CPU
		{3654C27A-16EB-42F8-9A69-9FC8A3574DF3}.Release|Any CPU.Build.0 = Release|Any CPU
		{69BE5AA5-8584-4622-8011-AF7DFF0299AC}.Debug|Any CPU.ActiveCfg = Debug|Any CPU
		{69BE5AA5-8584-4622-8011-AF7DFF0299AC}.Debug|Any CPU.Build.0 = Debug|Any CPU
		{69BE5AA5-8584-4622-8011-AF7DFF0299AC}.Release|Any CPU.ActiveCfg = Release|Any CPU
		{69BE5AA5-8584-4622-8011-AF7DFF0299AC}.Release|Any CPU.Build.0 = Release|Any CPU
		{0207D662-045B-4D38-9883-30F37067017E}.Debug|Any CPU.ActiveCfg = Debug|Any CPU
		{0207D662-045B-4D38-9883-30F37067017E}.Debug|Any CPU.Build.0 = Debug|Any CPU
		{0207D662-045B-4D38-9883-30F37067017E}.Release|Any CPU.ActiveCfg = Release|Any CPU
		{0207D662-045B-4D38-9883-30F37067017E}.Release|Any CPU.Build.0 = Release|Any CPU
		{087B9D31-51D3-4123-9A58-7F3294EC6898}.Debug|Any CPU.ActiveCfg = Debug|Any CPU
		{087B9D31-51D3-4123-9A58-7F3294EC6898}.Debug|Any CPU.Build.0 = Debug|Any CPU
		{087B9D31-51D3-4123-9A58-7F3294EC6898}.Release|Any CPU.ActiveCfg = Release|Any CPU
		{087B9D31-51D3-4123-9A58-7F3294EC6898}.Release|Any CPU.Build.0 = Release|Any CPU
		{3141B060-C906-4509-B68B-021AD391B666}.Debug|Any CPU.ActiveCfg = Debug|Any CPU
		{3141B060-C906-4509-B68B-021AD391B666}.Debug|Any CPU.Build.0 = Debug|Any CPU
		{3141B060-C906-4509-B68B-021AD391B666}.Release|Any CPU.ActiveCfg = Release|Any CPU
		{3141B060-C906-4509-B68B-021AD391B666}.Release|Any CPU.Build.0 = Release|Any CPU
		{73BB4A96-43BE-4CBD-8B24-4DFD47A1AC4D}.Debug|Any CPU.ActiveCfg = Debug|Any CPU
		{73BB4A96-43BE-4CBD-8B24-4DFD47A1AC4D}.Debug|Any CPU.Build.0 = Debug|Any CPU
		{73BB4A96-43BE-4CBD-8B24-4DFD47A1AC4D}.Release|Any CPU.ActiveCfg = Release|Any CPU
		{73BB4A96-43BE-4CBD-8B24-4DFD47A1AC4D}.Release|Any CPU.Build.0 = Release|Any CPU
	EndGlobalSection
	GlobalSection(SolutionProperties) = preSolution
		HideSolutionNode = FALSE
	EndGlobalSection
	GlobalSection(NestedProjects) = preSolution
		{774A6BB0-8E5E-41CC-BCB8-171C1A9FF706} = {F79D52E0-F5EA-4D68-BB77-178E9DB66A63}
		{85ACB47B-8B24-41CF-A981-8A88BBAB5762} = {F79D52E0-F5EA-4D68-BB77-178E9DB66A63}
		{7439735B-E545-471A-B3E5-EEBF485A0C8B} = {F79D52E0-F5EA-4D68-BB77-178E9DB66A63}
		{6DA987F3-5289-4CC6-A748-38DFE58B69D4} = {250BF23E-F5A1-4F62-BA07-0F522D666761}
		{DB8DD4C1-2157-4926-BCEC-979897AC97BF} = {250BF23E-F5A1-4F62-BA07-0F522D666761}
		{405867BD-1032-473D-8D61-BE2CC2928988} = {250BF23E-F5A1-4F62-BA07-0F522D666761}
		{F067CAD2-9892-4BA7-806B-4496F952F912} = {E936D320-7712-4BB4-8D14-F0880744D2A9}
		{D01DDC70-50F2-4285-8F34-000BCC4B9396} = {E936D320-7712-4BB4-8D14-F0880744D2A9}
		{A8231BEC-CABC-4DBC-8577-9231F73D7543} = {E936D320-7712-4BB4-8D14-F0880744D2A9}
		{997738B1-85B1-471F-9079-C154AACC1545} = {F7E426AE-ACC7-4979-9A6C-419A6093BD49}
		{73F03832-CB11-4F7C-9128-426B2EE8123E} = {F7E426AE-ACC7-4979-9A6C-419A6093BD49}
		{200D2932-1DA8-4853-A6B6-86BC1AD7EB08} = {F7E426AE-ACC7-4979-9A6C-419A6093BD49}
		{23D68829-6D20-4C31-AE5C-E0CFCDB2F677} = {A8A67404-1244-403A-B8BB-105649E37F3B}
		{DBF1569F-1517-4A7E-8E79-DF68868D2C0A} = {A8A67404-1244-403A-B8BB-105649E37F3B}
		{0B4C9C90-75B3-445F-8E0D-DDEA6063A36B} = {A8A67404-1244-403A-B8BB-105649E37F3B}
		{24C8995E-B893-4C72-B5F8-5DE84B3197F5} = {6BDF1EFA-3A90-4F22-9496-BE067D3D2777}
		{1952CE5B-065A-4477-8FBA-BA3CE4C916F5} = {6BDF1EFA-3A90-4F22-9496-BE067D3D2777}
		{5549EE50-22C6-40C9-AA5F-C5B9BCA4509D} = {6BDF1EFA-3A90-4F22-9496-BE067D3D2777}
		{3654C27A-16EB-42F8-9A69-9FC8A3574DF3} = {7EBCD414-8F44-4E6E-9BE9-03058A488647}
		{69BE5AA5-8584-4622-8011-AF7DFF0299AC} = {7EBCD414-8F44-4E6E-9BE9-03058A488647}
		{0207D662-045B-4D38-9883-30F37067017E} = {7EBCD414-8F44-4E6E-9BE9-03058A488647}
		{087B9D31-51D3-4123-9A58-7F3294EC6898} = {0B47E9CB-3A52-41D4-935B-562D716A74CA}
		{3141B060-C906-4509-B68B-021AD391B666} = {0B47E9CB-3A52-41D4-935B-562D716A74CA}
		{73BB4A96-43BE-4CBD-8B24-4DFD47A1AC4D} = {0B47E9CB-3A52-41D4-935B-562D716A74CA}
	EndGlobalSection
	GlobalSection(ExtensibilityGlobals) = postSolution
		SolutionGuid = {C6770AC4-79B4-47A2-BB5D-602236017BDC}
	EndGlobalSection
EndGlobal
